
Microsoft Visual Studio Solution File, Format Version 12.00
Project("{FAE04EC0-301F-11D3-BF4B-00C04F79EFBC}") = "SampleUnitTest", "SampleUnitTest\SampleUnitTest.csproj", "{A1D26129-08DE-4C70-B301-D0AE16326F7E}"
EndProject
Project("{FAE04EC0-301F-11D3-BF4B-00C04F79EFBC}") = "Test", "Test\Test.csproj", "{B2900A17-AFB8-40FA-8688-4A30B5CB0B19}"
EndProject
Project("{FAE04EC0-301F-11D3-BF4B-00C04F79EFBC}") = "NUnitTest", "NUnitTest\NUnitTest.csproj", "{B52B4EA8-8B5E-4B39-87E4-8B8862F8FA83}"
EndProject
Project("{FAE04EC0-301F-11D3-BF4B-00C04F79EFBC}") = "MSTest", "MSTest\MSTest.csproj", "{6A6ED7E6-2070-4E60-9352-2E7ABB7A5E3A}"
EndProject
Project("{FAE04EC0-301F-11D3-BF4B-00C04F79EFBC}") = "xUnit", "xUnit\xUnit.csproj", "{171653C2-64D1-4F58-8C3A-2D84B349E033}"
EndProject
Project("{FAE04EC0-301F-11D3-BF4B-00C04F79EFBC}") = "xUnit1", "xUnit1\xUnit1.csproj", "{131126D7-6093-4845-B77B-BF4AFD14AEFD}"
EndProject
Global
	GlobalSection(SolutionConfigurationPlatforms) = preSolution
		Debug|Any CPU = Debug|Any CPU
		Release|Any CPU = Release|Any CPU
	EndGlobalSection
	GlobalSection(ProjectConfigurationPlatforms) = postSolution
		{A1D26129-08DE-4C70-B301-D0AE16326F7E}.Debug|Any CPU.ActiveCfg = Debug|Any CPU
		{A1D26129-08DE-4C70-B301-D0AE16326F7E}.Debug|Any CPU.Build.0 = Debug|Any CPU
		{A1D26129-08DE-4C70-B301-D0AE16326F7E}.Release|Any CPU.ActiveCfg = Release|Any CPU
		{A1D26129-08DE-4C70-B301-D0AE16326F7E}.Release|Any CPU.Build.0 = Release|Any CPU
		{B2900A17-AFB8-40FA-8688-4A30B5CB0B19}.Debug|Any CPU.ActiveCfg = Debug|Any CPU
		{B2900A17-AFB8-40FA-8688-4A30B5CB0B19}.Debug|Any CPU.Build.0 = Debug|Any CPU
		{B2900A17-AFB8-40FA-8688-4A30B5CB0B19}.Release|Any CPU.ActiveCfg = Release|Any CPU
		{B2900A17-AFB8-40FA-8688-4A30B5CB0B19}.Release|Any CPU.Build.0 = Release|Any CPU
		{B52B4EA8-8B5E-4B39-87E4-8B8862F8FA83}.Debug|Any CPU.ActiveCfg = Debug|Any CPU
		{B52B4EA8-8B5E-4B39-87E4-8B8862F8FA83}.Debug|Any CPU.Build.0 = Debug|Any CPU
		{B52B4EA8-8B5E-4B39-87E4-8B8862F8FA83}.Release|Any CPU.ActiveCfg = Release|Any CPU
		{B52B4EA8-8B5E-4B39-87E4-8B8862F8FA83}.Release|Any CPU.Build.0 = Release|Any CPU
		{6A6ED7E6-2070-4E60-9352-2E7ABB7A5E3A}.Debug|Any CPU.ActiveCfg = Debug|Any CPU
		{6A6ED7E6-2070-4E60-9352-2E7ABB7A5E3A}.Debug|Any CPU.Build.0 = Debug|Any CPU
		{6A6ED7E6-2070-4E60-9352-2E7ABB7A5E3A}.Release|Any CPU.ActiveCfg = Release|Any CPU
		{6A6ED7E6-2070-4E60-9352-2E7ABB7A5E3A}.Release|Any CPU.Build.0 = Release|Any CPU
		{171653C2-64D1-4F58-8C3A-2D84B349E033}.Debug|Any CPU.ActiveCfg = Debug|Any CPU
		{171653C2-64D1-4F58-8C3A-2D84B349E033}.Debug|Any CPU.Build.0 = Debug|Any CPU
		{171653C2-64D1-4F58-8C3A-2D84B349E033}.Release|Any CPU.ActiveCfg = Release|Any CPU
		{171653C2-64D1-4F58-8C3A-2D84B349E033}.Release|Any CPU.Build.0 = Release|Any CPU
		{131126D7-6093-4845-B77B-BF4AFD14AEFD}.Debug|Any CPU.ActiveCfg = Debug|Any CPU
		{131126D7-6093-4845-B77B-BF4AFD14AEFD}.Debug|Any CPU.Build.0 = Debug|Any CPU
		{131126D7-6093-4845-B77B-BF4AFD14AEFD}.Release|Any CPU.ActiveCfg = Release|Any CPU
		{131126D7-6093-4845-B77B-BF4AFD14AEFD}.Release|Any CPU.Build.0 = Release|Any CPU
	EndGlobalSection
EndGlobal
